// !$*UTF8*$!
{
	archiveVersion = 1;
	classes = {
	};
	objectVersion = 46;
	objects = {

/* Begin PBXBuildFile section */
		CB012B871339BC880071168E /* blue-download.png in Resources */ = {isa = PBXBuildFile; fileRef = CB012B861339BC880071168E /* blue-download.png */; };
		CB012B8B1339C7FE0071168E /* MediaRecord.m in Sources */ = {isa = PBXBuildFile; fileRef = CB012B8A1339C7FE0071168E /* MediaRecord.m */; };
		CB012B8E133AAEC70071168E /* oaksign.jpg in Resources */ = {isa = PBXBuildFile; fileRef = CB012B8C133AAEC70071168E /* oaksign.jpg */; };
		CB012B8F133AAEC70071168E /* Placeholder.png in Resources */ = {isa = PBXBuildFile; fileRef = CB012B8D133AAEC70071168E /* Placeholder.png */; };
		CB012B93133BEAC60071168E /* ItemViewController.m in Sources */ = {isa = PBXBuildFile; fileRef = CB012B91133BEAB60071168E /* ItemViewController.m */; };
		CB012B94133BEAC60071168E /* ItemViewController.xib in Resources */ = {isa = PBXBuildFile; fileRef = CB012B92133BEABC0071168E /* ItemViewController.xib */; };
		CB012B96133C67BA0071168E /* media_header.png in Resources */ = {isa = PBXBuildFile; fileRef = CB012B95133C67B80071168E /* media_header.png */; };
		CB10E10413510C930040F31B /* SongIndexViewController.m in Sources */ = {isa = PBXBuildFile; fileRef = CB10E10213510C930040F31B /* SongIndexViewController.m */; };
		CB10E10513510C930040F31B /* SongIndexViewController.xib in Resources */ = {isa = PBXBuildFile; fileRef = CB10E10313510C930040F31B /* SongIndexViewController.xib */; };
		CB10E10E13512D610040F31B /* Family2.pdb in Resources */ = {isa = PBXBuildFile; fileRef = CB10E10713512D610040F31B /* Family2.pdb */; };
		CB10E10F13512D610040F31B /* Family3.pdb in Resources */ = {isa = PBXBuildFile; fileRef = CB10E10813512D610040F31B /* Family3.pdb */; };
		CB10E11013512D610040F31B /* Family4.pdb in Resources */ = {isa = PBXBuildFile; fileRef = CB10E10913512D610040F31B /* Family4.pdb */; };
		CB10E11113512D610040F31B /* Family5.pdb in Resources */ = {isa = PBXBuildFile; fileRef = CB10E10A13512D610040F31B /* Family5.pdb */; };
		CB10E11213512D610040F31B /* Family7.pdb in Resources */ = {isa = PBXBuildFile; fileRef = CB10E10B13512D610040F31B /* Family7.pdb */; };
		CB10E11313512D610040F31B /* Family8.pdb in Resources */ = {isa = PBXBuildFile; fileRef = CB10E10C13512D610040F31B /* Family8.pdb */; };
		CB10E11413512D610040F31B /* Family9.pdb in Resources */ = {isa = PBXBuildFile; fileRef = CB10E10D13512D610040F31B /* Family9.pdb */; };
		CB3E06B6134F7D470019BA22 /* Family1.pdb in Resources */ = {isa = PBXBuildFile; fileRef = CB3E06B5134F7D470019BA22 /* Family1.pdb */; };
		CB3E06B9134FAB740019BA22 /* songbooklist.plist in Resources */ = {isa = PBXBuildFile; fileRef = CB3E06B8134FAB740019BA22 /* songbooklist.plist */; };
		CB5CDBFA134D01620076E771 /* SongTextViewController.m in Sources */ = {isa = PBXBuildFile; fileRef = CB5CDBF8134D01620076E771 /* SongTextViewController.m */; };
		CB5CDBFB134D01620076E771 /* SongTextViewController.xib in Resources */ = {isa = PBXBuildFile; fileRef = CB5CDBF9134D01620076E771 /* SongTextViewController.xib */; };
		CB5CDBFE134D25FE0076E771 /* musicnote2.png in Resources */ = {isa = PBXBuildFile; fileRef = CB5CDBFD134D25FE0076E771 /* musicnote2.png */; };
		CB777738132EC040001EA20B /* ChurchConfigLoader.m in Sources */ = {isa = PBXBuildFile; fileRef = CB777737132EC040001EA20B /* ChurchConfigLoader.m */; };
		CB777743132FC7A7001EA20B /* ChurchConfig.m in Sources */ = {isa = PBXBuildFile; fileRef = CB777742132FC7A5001EA20B /* ChurchConfig.m */; };
		CB777745132FDB6F001EA20B /* churchlist.plist in Resources */ = {isa = PBXBuildFile; fileRef = CB777744132FDB6F001EA20B /* churchlist.plist */; };
		CB777747132FDBE9001EA20B /* church.xml in Resources */ = {isa = PBXBuildFile; fileRef = CB777746132FDBE9001EA20B /* church.xml */; };
		CB7777801331DFFE001EA20B /* ConfigManager.m in Sources */ = {isa = PBXBuildFile; fileRef = CB77777F1331DFF6001EA20B /* ConfigManager.m */; };
		CB7777AB1339AC76001EA20B /* download.png in Resources */ = {isa = PBXBuildFile; fileRef = CB7777A71339AC76001EA20B /* download.png */; };
		CB7777AC1339AC76001EA20B /* headphones.png in Resources */ = {isa = PBXBuildFile; fileRef = CB7777A81339AC76001EA20B /* headphones.png */; };
		CB7777AD1339AC76001EA20B /* LearnLead.jpg in Resources */ = {isa = PBXBuildFile; fileRef = CB7777A91339AC76001EA20B /* LearnLead.jpg */; };
		CB7777AE1339AC76001EA20B /* refresh.png in Resources */ = {isa = PBXBuildFile; fileRef = CB7777AA1339AC76001EA20B /* refresh.png */; };
		CB7777B01339B102001EA20B /* download1.gif in Resources */ = {isa = PBXBuildFile; fileRef = CB7777AF1339B101001EA20B /* download1.gif */; };
		CBA3B928132B5724007ED9FD /* UIKit.framework in Frameworks */ = {isa = PBXBuildFile; fileRef = CBA3B927132B5724007ED9FD /* UIKit.framework */; };
		CBA3B92A132B5724007ED9FD /* Foundation.framework in Frameworks */ = {isa = PBXBuildFile; fileRef = CBA3B929132B5724007ED9FD /* Foundation.framework */; };
		CBA3B92C132B5724007ED9FD /* CoreGraphics.framework in Frameworks */ = {isa = PBXBuildFile; fileRef = CBA3B92B132B5724007ED9FD /* CoreGraphics.framework */; };
		CBA3B932132B5724007ED9FD /* InfoPlist.strings in Resources */ = {isa = PBXBuildFile; fileRef = CBA3B930132B5724007ED9FD /* InfoPlist.strings */; };
		CBA3B935132B5724007ED9FD /* main.m in Sources */ = {isa = PBXBuildFile; fileRef = CBA3B934132B5724007ED9FD /* main.m */; };
		CBA3B963132B5918007ED9FD /* BrowserViewController.m in Sources */ = {isa = PBXBuildFile; fileRef = CBA3B944132B5918007ED9FD /* BrowserViewController.m */; };
		CBA3B964132B5918007ED9FD /* ChurchDetailController.m in Sources */ = {isa = PBXBuildFile; fileRef = CBA3B946132B5918007ED9FD /* ChurchDetailController.m */; };
		CBA3B965132B5918007ED9FD /* ChurchDetailController.xib in Resources */ = {isa = PBXBuildFile; fileRef = CBA3B947132B5918007ED9FD /* ChurchDetailController.xib */; };
		CBA3B967132B5918007ED9FD /* ChurchofGodAppDelegate.m in Sources */ = {isa = PBXBuildFile; fileRef = CBA3B94B132B5918007ED9FD /* ChurchofGodAppDelegate.m */; };
		CBA3B968132B5918007ED9FD /* ConnectViewController.m in Sources */ = {isa = PBXBuildFile; fileRef = CBA3B94D132B5918007ED9FD /* ConnectViewController.m */; };
		CBA3B969132B5918007ED9FD /* FeedLoader.m in Sources */ = {isa = PBXBuildFile; fileRef = CBA3B94F132B5918007ED9FD /* FeedLoader.m */; };
		CBA3B96B132B5918007ED9FD /* kotablecell.m in Sources */ = {isa = PBXBuildFile; fileRef = CBA3B953132B5918007ED9FD /* kotablecell.m */; };
		CBA3B96C132B5918007ED9FD /* kotablecell.xib in Resources */ = {isa = PBXBuildFile; fileRef = CBA3B954132B5918007ED9FD /* kotablecell.xib */; };
		CBA3B96D132B5918007ED9FD /* MediaDetailViewController.m in Sources */ = {isa = PBXBuildFile; fileRef = CBA3B956132B5918007ED9FD /* MediaDetailViewController.m */; };
		CBA3B96E132B5918007ED9FD /* MediaViewController.m in Sources */ = {isa = PBXBuildFile; fileRef = CBA3B958132B5918007ED9FD /* MediaViewController.m */; };
		CBA3B96F132B5918007ED9FD /* NewsViewController.m in Sources */ = {isa = PBXBuildFile; fileRef = CBA3B95A132B5918007ED9FD /* NewsViewController.m */; };
		CBA3B970132B5918007ED9FD /* RotatingTabBarController.m in Sources */ = {isa = PBXBuildFile; fileRef = CBA3B95C132B5918007ED9FD /* RotatingTabBarController.m */; };
		CBA3B971132B5918007ED9FD /* SermonsViewController.m in Sources */ = {isa = PBXBuildFile; fileRef = CBA3B95E132B5918007ED9FD /* SermonsViewController.m */; };
		CBA3B972132B5918007ED9FD /* SettingViewController.m in Sources */ = {isa = PBXBuildFile; fileRef = CBA3B960132B5918007ED9FD /* SettingViewController.m */; };
		CBA3B973132B5918007ED9FD /* SettingViewController.xib in Resources */ = {isa = PBXBuildFile; fileRef = CBA3B961132B5918007ED9FD /* SettingViewController.xib */; };
		CBA3B97C132B59FC007ED9FD /* BrowserViewController.xib in Resources */ = {isa = PBXBuildFile; fileRef = CBA3B975132B59FC007ED9FD /* BrowserViewController.xib */; };
		CBA3B97D132B59FC007ED9FD /* MainWindow.xib in Resources */ = {isa = PBXBuildFile; fileRef = CBA3B976132B59FC007ED9FD /* MainWindow.xib */; };
		CBA3B97E132B59FC007ED9FD /* MediaDetail.xib in Resources */ = {isa = PBXBuildFile; fileRef = CBA3B977132B59FC007ED9FD /* MediaDetail.xib */; };
		CBA3B97F132B59FC007ED9FD /* MediaViewController.xib in Resources */ = {isa = PBXBuildFile; fileRef = CBA3B978132B59FC007ED9FD /* MediaViewController.xib */; };
		CBA3B982132B59FC007ED9FD /* SermonsViewController.xib in Resources */ = {isa = PBXBuildFile; fileRef = CBA3B97B132B59FC007ED9FD /* SermonsViewController.xib */; };
		CBA3B985132B5A40007ED9FD /* ParseOperation.m in Sources */ = {isa = PBXBuildFile; fileRef = CBA3B984132B5A40007ED9FD /* ParseOperation.m */; };
		CBA3B988132B5A67007ED9FD /* IconDownloader.m in Sources */ = {isa = PBXBuildFile; fileRef = CBA3B987132B5A67007ED9FD /* IconDownloader.m */; };
		CBA3B98A132B5B27007ED9FD /* SystemConfiguration.framework in Frameworks */ = {isa = PBXBuildFile; fileRef = CBA3B989132B5B27007ED9FD /* SystemConfiguration.framework */; };
		CBA3B992132B5BD3007ED9FD /* MediaPlayer.framework in Frameworks */ = {isa = PBXBuildFile; fileRef = CBA3B991132B5BD3007ED9FD /* MediaPlayer.framework */; };
		CBA3B994132B5BD9007ED9FD /* AVFoundation.framework in Frameworks */ = {isa = PBXBuildFile; fileRef = CBA3B993132B5BD9007ED9FD /* AVFoundation.framework */; };
		CBA3B9A5132C8DF1007ED9FD /* gray_texture_bg.png in Resources */ = {isa = PBXBuildFile; fileRef = CBA3B99B132C8DF1007ED9FD /* gray_texture_bg.png */; };
		CBA3B9A6132C8DF1007ED9FD /* main_left_button_selected.png in Resources */ = {isa = PBXBuildFile; fileRef = CBA3B99C132C8DF1007ED9FD /* main_left_button_selected.png */; };
		CBA3B9A7132C8DF1007ED9FD /* main_right_button_default.png in Resources */ = {isa = PBXBuildFile; fileRef = CBA3B99D132C8DF1007ED9FD /* main_right_button_default.png */; };
		CBA3B9A8132C8DF1007ED9FD /* microphone.png in Resources */ = {isa = PBXBuildFile; fileRef = CBA3B99E132C8DF1007ED9FD /* microphone.png */; };
		CBA3B9A9132C8DF1007ED9FD /* newspaper.png in Resources */ = {isa = PBXBuildFile; fileRef = CBA3B99F132C8DF1007ED9FD /* newspaper.png */; };
		CBA3B9AA132C8DF1007ED9FD /* play_screen_bg.png in Resources */ = {isa = PBXBuildFile; fileRef = CBA3B9A0132C8DF1007ED9FD /* play_screen_bg.png */; };
		CBA3B9AB132C8DF1007ED9FD /* play_screen-audio.png in Resources */ = {isa = PBXBuildFile; fileRef = CBA3B9A1132C8DF1007ED9FD /* play_screen-audio.png */; };
		CBA3B9AC132C8DF1007ED9FD /* play_screen-video.png in Resources */ = {isa = PBXBuildFile; fileRef = CBA3B9A2132C8DF1007ED9FD /* play_screen-video.png */; };
		CBA3B9AD132C8DF1007ED9FD /* sliders.png in Resources */ = {isa = PBXBuildFile; fileRef = CBA3B9A3132C8DF1007ED9FD /* sliders.png */; };
		CBA3B9AE132C8DF1007ED9FD /* wrench.png in Resources */ = {isa = PBXBuildFile; fileRef = CBA3B9A4132C8DF1007ED9FD /* wrench.png */; };
		CBA3B9B1132C90EC007ED9FD /* NewsDetailController.m in Sources */ = {isa = PBXBuildFile; fileRef = CBA3B9B0132C90EC007ED9FD /* NewsDetailController.m */; };
		CBA3B9B5132C9151007ED9FD /* NewsDetailController.xib in Resources */ = {isa = PBXBuildFile; fileRef = CBA3B9B4132C9151007ED9FD /* NewsDetailController.xib */; };
		CBA3B9B7132C9163007ED9FD /* NewsViewController.xib in Resources */ = {isa = PBXBuildFile; fileRef = CBA3B9B6132C9163007ED9FD /* NewsViewController.xib */; };
		CBB2174E1354D3EC00FF8360 /* ToolTableViewController.m in Sources */ = {isa = PBXBuildFile; fileRef = CBB2174C1354D3EC00FF8360 /* ToolTableViewController.m */; };
		CBB2174F1354D3EC00FF8360 /* ToolTableViewController.xib in Resources */ = {isa = PBXBuildFile; fileRef = CBB2174D1354D3EC00FF8360 /* ToolTableViewController.xib */; };
		CBB217551354D57800FF8360 /* GospelOneViewController.m in Sources */ = {isa = PBXBuildFile; fileRef = CBB217531354D57800FF8360 /* GospelOneViewController.m */; };
		CBB217561354D57800FF8360 /* GospelOneViewController.xib in Resources */ = {isa = PBXBuildFile; fileRef = CBB217541354D57800FF8360 /* GospelOneViewController.xib */; };
		CBB217601354FADD00FF8360 /* MyViewController.m in Sources */ = {isa = PBXBuildFile; fileRef = CBB2175F1354FADD00FF8360 /* MyViewController.m */; };
		CBB217621354FB3E00FF8360 /* MyView.xib in Resources */ = {isa = PBXBuildFile; fileRef = CBB217611354FB3E00FF8360 /* MyView.xib */; };
		CBB21764135559D600FF8360 /* content_iPhone.plist in Resources */ = {isa = PBXBuildFile; fileRef = CBB21763135559D600FF8360 /* content_iPhone.plist */; };
		CBB217691355668500FF8360 /* wordless-gold.png in Resources */ = {isa = PBXBuildFile; fileRef = CBB217651355667F00FF8360 /* wordless-gold.png */; };
		CBB2176A1355668500FF8360 /* wordless-white.png in Resources */ = {isa = PBXBuildFile; fileRef = CBB217661355668000FF8360 /* wordless-white.png */; };
		CBB2176B1355668500FF8360 /* wordless-red.png in Resources */ = {isa = PBXBuildFile; fileRef = CBB217671355668200FF8360 /* wordless-red.png */; };
		CBB2176C1355668500FF8360 /* wordless-black.png in Resources */ = {isa = PBXBuildFile; fileRef = CBB217681355668300FF8360 /* wordless-black.png */; };
		CBB2176E13565DF400FF8360 /* wordless-cover.jpg in Resources */ = {isa = PBXBuildFile; fileRef = CBB2176D13565DF100FF8360 /* wordless-cover.jpg */; };
		CBB2177013565F2500FF8360 /* Family10.pdb in Resources */ = {isa = PBXBuildFile; fileRef = CBB2176F13565F2500FF8360 /* Family10.pdb */; };
		CBE5C597132C96470091B26F /* oakchurch.png in Resources */ = {isa = PBXBuildFile; fileRef = CBE5C596132C96470091B26F /* oakchurch.png */; };
		CBEF974E134E6741004F3D06 /* PDBReader.m in Sources */ = {isa = PBXBuildFile; fileRef = CBEF974D134E6741004F3D06 /* PDBReader.m */; };
		CBEF9751134E73EA004F3D06 /* Family6.pdb in Resources */ = {isa = PBXBuildFile; fileRef = CBEF9750134E73EA004F3D06 /* Family6.pdb */; };
		CBF39477134D547E000769D6 /* SongViewController.m in Sources */ = {isa = PBXBuildFile; fileRef = CBF39475134D547E000769D6 /* SongViewController.m */; };
		CBF39478134D547E000769D6 /* SongViewController.xib in Resources */ = {isa = PBXBuildFile; fileRef = CBF39476134D547E000769D6 /* SongViewController.xib */; };
/* End PBXBuildFile section */

/* Begin PBXFileReference section */
		CB012B861339BC880071168E /* blue-download.png */ = {isa = PBXFileReference; lastKnownFileType = image.png; path = "blue-download.png"; sourceTree = "<group>"; };
		CB012B891339C7FE0071168E /* MediaRecord.h */ = {isa = PBXFileReference; fileEncoding = 4; lastKnownFileType = sourcecode.c.h; path = MediaRecord.h; sourceTree = "<group>"; };
		CB012B8A1339C7FE0071168E /* MediaRecord.m */ = {isa = PBXFileReference; fileEncoding = 4; lastKnownFileType = sourcecode.c.objc; path = MediaRecord.m; sourceTree = "<group>"; };
		CB012B8C133AAEC70071168E /* oaksign.jpg */ = {isa = PBXFileReference; lastKnownFileType = image.jpeg; path = oaksign.jpg; sourceTree = "<group>"; };
		CB012B8D133AAEC70071168E /* Placeholder.png */ = {isa = PBXFileReference; lastKnownFileType = image.png; path = Placeholder.png; sourceTree = "<group>"; };
		CB012B90133BEAAF0071168E /* ItemViewController.h */ = {isa = PBXFileReference; fileEncoding = 4; lastKnownFileType = sourcecode.c.h; path = ItemViewController.h; sourceTree = "<group>"; };
		CB012B91133BEAB60071168E /* ItemViewController.m */ = {isa = PBXFileReference; fileEncoding = 4; lastKnownFileType = sourcecode.c.objc; path = ItemViewController.m; sourceTree = "<group>"; };
		CB012B92133BEABC0071168E /* ItemViewController.xib */ = {isa = PBXFileReference; fileEncoding = 4; lastKnownFileType = file.xib; path = ItemViewController.xib; sourceTree = "<group>"; };
		CB012B95133C67B80071168E /* media_header.png */ = {isa = PBXFileReference; lastKnownFileType = image.png; path = media_header.png; sourceTree = "<group>"; };
		CB10E10113510C930040F31B /* SongIndexViewController.h */ = {isa = PBXFileReference; fileEncoding = 4; lastKnownFileType = sourcecode.c.h; path = SongIndexViewController.h; sourceTree = "<group>"; };
		CB10E10213510C930040F31B /* SongIndexViewController.m */ = {isa = PBXFileReference; fileEncoding = 4; lastKnownFileType = sourcecode.c.objc; path = SongIndexViewController.m; sourceTree = "<group>"; };
		CB10E10313510C930040F31B /* SongIndexViewController.xib */ = {isa = PBXFileReference; fileEncoding = 4; lastKnownFileType = file.xib; path = SongIndexViewController.xib; sourceTree = "<group>"; };
		CB10E10713512D610040F31B /* Family2.pdb */ = {isa = PBXFileReference; lastKnownFileType = file; path = Family2.pdb; sourceTree = "<group>"; };
		CB10E10813512D610040F31B /* Family3.pdb */ = {isa = PBXFileReference; fileEncoding = 4; lastKnownFileType = text; path = Family3.pdb; sourceTree = "<group>"; };
		CB10E10913512D610040F31B /* Family4.pdb */ = {isa = PBXFileReference; lastKnownFileType = file; path = Family4.pdb; sourceTree = "<group>"; };
		CB10E10A13512D610040F31B /* Family5.pdb */ = {isa = PBXFileReference; lastKnownFileType = file; path = Family5.pdb; sourceTree = "<group>"; };
		CB10E10B13512D610040F31B /* Family7.pdb */ = {isa = PBXFileReference; lastKnownFileType = file; path = Family7.pdb; sourceTree = "<group>"; };
		CB10E10C13512D610040F31B /* Family8.pdb */ = {isa = PBXFileReference; lastKnownFileType = file; path = Family8.pdb; sourceTree = "<group>"; };
		CB10E10D13512D610040F31B /* Family9.pdb */ = {isa = PBXFileReference; lastKnownFileType = file; path = Family9.pdb; sourceTree = "<group>"; };
		CB3E06B5134F7D470019BA22 /* Family1.pdb */ = {isa = PBXFileReference; lastKnownFileType = file; path = Family1.pdb; sourceTree = "<group>"; };
		CB3E06B8134FAB740019BA22 /* songbooklist.plist */ = {isa = PBXFileReference; fileEncoding = 4; lastKnownFileType = text.plist.xml; path = songbooklist.plist; sourceTree = "<group>"; };
		CB5CDBF7134D01620076E771 /* SongTextViewController.h */ = {isa = PBXFileReference; fileEncoding = 4; lastKnownFileType = sourcecode.c.h; path = SongTextViewController.h; sourceTree = "<group>"; };
		CB5CDBF8134D01620076E771 /* SongTextViewController.m */ = {isa = PBXFileReference; fileEncoding = 4; lastKnownFileType = sourcecode.c.objc; path = SongTextViewController.m; sourceTree = "<group>"; };
		CB5CDBF9134D01620076E771 /* SongTextViewController.xib */ = {isa = PBXFileReference; fileEncoding = 4; lastKnownFileType = file.xib; path = SongTextViewController.xib; sourceTree = "<group>"; };
		CB5CDBFD134D25FE0076E771 /* musicnote2.png */ = {isa = PBXFileReference; lastKnownFileType = image.png; path = musicnote2.png; sourceTree = "<group>"; };
		CB777736132EC040001EA20B /* ChurchConfigLoader.h */ = {isa = PBXFileReference; fileEncoding = 4; lastKnownFileType = sourcecode.c.h; path = ChurchConfigLoader.h; sourceTree = "<group>"; };
		CB777737132EC040001EA20B /* ChurchConfigLoader.m */ = {isa = PBXFileReference; fileEncoding = 4; lastKnownFileType = sourcecode.c.objc; path = ChurchConfigLoader.m; sourceTree = "<group>"; };
		CB777741132FC7A4001EA20B /* ChurchConfig.h */ = {isa = PBXFileReference; fileEncoding = 4; lastKnownFileType = sourcecode.c.h; path = ChurchConfig.h; sourceTree = "<group>"; };
		CB777742132FC7A5001EA20B /* ChurchConfig.m */ = {isa = PBXFileReference; fileEncoding = 4; lastKnownFileType = sourcecode.c.objc; path = ChurchConfig.m; sourceTree = "<group>"; };
		CB777744132FDB6F001EA20B /* churchlist.plist */ = {isa = PBXFileReference; fileEncoding = 4; lastKnownFileType = text.plist.xml; path = churchlist.plist; sourceTree = "<group>"; };
		CB777746132FDBE9001EA20B /* church.xml */ = {isa = PBXFileReference; fileEncoding = 4; lastKnownFileType = text.xml; path = church.xml; sourceTree = "<group>"; };
		CB77777E1331DFF2001EA20B /* ConfigManager.h */ = {isa = PBXFileReference; fileEncoding = 4; lastKnownFileType = sourcecode.c.h; path = ConfigManager.h; sourceTree = "<group>"; };
		CB77777F1331DFF6001EA20B /* ConfigManager.m */ = {isa = PBXFileReference; fileEncoding = 4; lastKnownFileType = sourcecode.c.objc; path = ConfigManager.m; sourceTree = "<group>"; };
		CB7777A71339AC76001EA20B /* download.png */ = {isa = PBXFileReference; lastKnownFileType = image.png; path = download.png; sourceTree = "<group>"; };
		CB7777A81339AC76001EA20B /* headphones.png */ = {isa = PBXFileReference; lastKnownFileType = image.png; path = headphones.png; sourceTree = "<group>"; };
		CB7777A91339AC76001EA20B /* LearnLead.jpg */ = {isa = PBXFileReference; lastKnownFileType = image.jpeg; path = LearnLead.jpg; sourceTree = "<group>"; };
		CB7777AA1339AC76001EA20B /* refresh.png */ = {isa = PBXFileReference; lastKnownFileType = image.png; path = refresh.png; sourceTree = "<group>"; };
		CB7777AF1339B101001EA20B /* download1.gif */ = {isa = PBXFileReference; lastKnownFileType = image.gif; path = download1.gif; sourceTree = "<group>"; };
		CBA3B923132B5724007ED9FD /* ChurchOfGod.app */ = {isa = PBXFileReference; explicitFileType = wrapper.application; includeInIndex = 0; path = ChurchOfGod.app; sourceTree = BUILT_PRODUCTS_DIR; };
		CBA3B927132B5724007ED9FD /* UIKit.framework */ = {isa = PBXFileReference; lastKnownFileType = wrapper.framework; name = UIKit.framework; path = System/Library/Frameworks/UIKit.framework; sourceTree = SDKROOT; };
		CBA3B929132B5724007ED9FD /* Foundation.framework */ = {isa = PBXFileReference; lastKnownFileType = wrapper.framework; name = Foundation.framework; path = System/Library/Frameworks/Foundation.framework; sourceTree = SDKROOT; };
		CBA3B92B132B5724007ED9FD /* CoreGraphics.framework */ = {isa = PBXFileReference; lastKnownFileType = wrapper.framework; name = CoreGraphics.framework; path = System/Library/Frameworks/CoreGraphics.framework; sourceTree = SDKROOT; };
		CBA3B92F132B5724007ED9FD /* ChurchOfGod-Info.plist */ = {isa = PBXFileReference; lastKnownFileType = text.plist.xml; path = "ChurchOfGod-Info.plist"; sourceTree = "<group>"; };
		CBA3B931132B5724007ED9FD /* en */ = {isa = PBXFileReference; lastKnownFileType = text.plist.strings; name = en; path = en.lproj/InfoPlist.strings; sourceTree = "<group>"; };
		CBA3B933132B5724007ED9FD /* ChurchOfGod-Prefix.pch */ = {isa = PBXFileReference; lastKnownFileType = sourcecode.c.h; path = "ChurchOfGod-Prefix.pch"; sourceTree = "<group>"; };
		CBA3B934132B5724007ED9FD /* main.m */ = {isa = PBXFileReference; lastKnownFileType = sourcecode.c.objc; path = main.m; sourceTree = "<group>"; };
		CBA3B943132B5918007ED9FD /* BrowserViewController.h */ = {isa = PBXFileReference; fileEncoding = 4; lastKnownFileType = sourcecode.c.h; path = BrowserViewController.h; sourceTree = "<group>"; };
		CBA3B944132B5918007ED9FD /* BrowserViewController.m */ = {isa = PBXFileReference; fileEncoding = 4; lastKnownFileType = sourcecode.c.objc; path = BrowserViewController.m; sourceTree = "<group>"; };
		CBA3B945132B5918007ED9FD /* ChurchDetailController.h */ = {isa = PBXFileReference; fileEncoding = 4; lastKnownFileType = sourcecode.c.h; path = ChurchDetailController.h; sourceTree = "<group>"; };
		CBA3B946132B5918007ED9FD /* ChurchDetailController.m */ = {isa = PBXFileReference; fileEncoding = 4; lastKnownFileType = sourcecode.c.objc; path = ChurchDetailController.m; sourceTree = "<group>"; };
		CBA3B947132B5918007ED9FD /* ChurchDetailController.xib */ = {isa = PBXFileReference; fileEncoding = 4; lastKnownFileType = file.xib; path = ChurchDetailController.xib; sourceTree = "<group>"; };
		CBA3B94A132B5918007ED9FD /* ChurchofGodAppDelegate.h */ = {isa = PBXFileReference; fileEncoding = 4; lastKnownFileType = sourcecode.c.h; path = ChurchofGodAppDelegate.h; sourceTree = "<group>"; };
		CBA3B94B132B5918007ED9FD /* ChurchofGodAppDelegate.m */ = {isa = PBXFileReference; fileEncoding = 4; lastKnownFileType = sourcecode.c.objc; path = ChurchofGodAppDelegate.m; sourceTree = "<group>"; };
		CBA3B94C132B5918007ED9FD /* ConnectViewController.h */ = {isa = PBXFileReference; fileEncoding = 4; lastKnownFileType = sourcecode.c.h; path = ConnectViewController.h; sourceTree = "<group>"; };
		CBA3B94D132B5918007ED9FD /* ConnectViewController.m */ = {isa = PBXFileReference; fileEncoding = 4; lastKnownFileType = sourcecode.c.objc; path = ConnectViewController.m; sourceTree = "<group>"; };
		CBA3B94E132B5918007ED9FD /* FeedLoader.h */ = {isa = PBXFileReference; fileEncoding = 4; lastKnownFileType = sourcecode.c.h; path = FeedLoader.h; sourceTree = "<group>"; };
		CBA3B94F132B5918007ED9FD /* FeedLoader.m */ = {isa = PBXFileReference; fileEncoding = 4; lastKnownFileType = sourcecode.c.objc; path = FeedLoader.m; sourceTree = "<group>"; };
		CBA3B952132B5918007ED9FD /* kotablecell.h */ = {isa = PBXFileReference; fileEncoding = 4; lastKnownFileType = sourcecode.c.h; path = kotablecell.h; sourceTree = "<group>"; };
		CBA3B953132B5918007ED9FD /* kotablecell.m */ = {isa = PBXFileReference; fileEncoding = 4; lastKnownFileType = sourcecode.c.objc; path = kotablecell.m; sourceTree = "<group>"; };
		CBA3B954132B5918007ED9FD /* kotablecell.xib */ = {isa = PBXFileReference; fileEncoding = 4; lastKnownFileType = file.xib; path = kotablecell.xib; sourceTree = "<group>"; };
		CBA3B955132B5918007ED9FD /* MediaDetailViewController.h */ = {isa = PBXFileReference; fileEncoding = 4; lastKnownFileType = sourcecode.c.h; path = MediaDetailViewController.h; sourceTree = "<group>"; };
		CBA3B956132B5918007ED9FD /* MediaDetailViewController.m */ = {isa = PBXFileReference; fileEncoding = 4; lastKnownFileType = sourcecode.c.objc; path = MediaDetailViewController.m; sourceTree = "<group>"; };
		CBA3B957132B5918007ED9FD /* MediaViewController.h */ = {isa = PBXFileReference; fileEncoding = 4; lastKnownFileType = sourcecode.c.h; path = MediaViewController.h; sourceTree = "<group>"; };
		CBA3B958132B5918007ED9FD /* MediaViewController.m */ = {isa = PBXFileReference; fileEncoding = 4; lastKnownFileType = sourcecode.c.objc; path = MediaViewController.m; sourceTree = "<group>"; };
		CBA3B959132B5918007ED9FD /* NewsViewController.h */ = {isa = PBXFileReference; fileEncoding = 4; lastKnownFileType = sourcecode.c.h; path = NewsViewController.h; sourceTree = "<group>"; };
		CBA3B95A132B5918007ED9FD /* NewsViewController.m */ = {isa = PBXFileReference; fileEncoding = 4; lastKnownFileType = sourcecode.c.objc; path = NewsViewController.m; sourceTree = "<group>"; };
		CBA3B95B132B5918007ED9FD /* RotatingTabBarController.h */ = {isa = PBXFileReference; fileEncoding = 4; lastKnownFileType = sourcecode.c.h; path = RotatingTabBarController.h; sourceTree = "<group>"; };
		CBA3B95C132B5918007ED9FD /* RotatingTabBarController.m */ = {isa = PBXFileReference; fileEncoding = 4; lastKnownFileType = sourcecode.c.objc; path = RotatingTabBarController.m; sourceTree = "<group>"; };
		CBA3B95D132B5918007ED9FD /* SermonsViewController.h */ = {isa = PBXFileReference; fileEncoding = 4; lastKnownFileType = sourcecode.c.h; path = SermonsViewController.h; sourceTree = "<group>"; };
		CBA3B95E132B5918007ED9FD /* SermonsViewController.m */ = {isa = PBXFileReference; fileEncoding = 4; lastKnownFileType = sourcecode.c.objc; path = SermonsViewController.m; sourceTree = "<group>"; };
		CBA3B95F132B5918007ED9FD /* SettingViewController.h */ = {isa = PBXFileReference; fileEncoding = 4; lastKnownFileType = sourcecode.c.h; path = SettingViewController.h; sourceTree = "<group>"; };
		CBA3B960132B5918007ED9FD /* SettingViewController.m */ = {isa = PBXFileReference; fileEncoding = 4; lastKnownFileType = sourcecode.c.objc; path = SettingViewController.m; sourceTree = "<group>"; };
		CBA3B961132B5918007ED9FD /* SettingViewController.xib */ = {isa = PBXFileReference; fileEncoding = 4; lastKnownFileType = file.xib; path = SettingViewController.xib; sourceTree = "<group>"; };
		CBA3B975132B59FC007ED9FD /* BrowserViewController.xib */ = {isa = PBXFileReference; fileEncoding = 4; lastKnownFileType = file.xib; path = BrowserViewController.xib; sourceTree = "<group>"; };
		CBA3B976132B59FC007ED9FD /* MainWindow.xib */ = {isa = PBXFileReference; fileEncoding = 4; lastKnownFileType = file.xib; path = MainWindow.xib; sourceTree = "<group>"; };
		CBA3B977132B59FC007ED9FD /* MediaDetail.xib */ = {isa = PBXFileReference; fileEncoding = 4; lastKnownFileType = file.xib; path = MediaDetail.xib; sourceTree = "<group>"; };
		CBA3B978132B59FC007ED9FD /* MediaViewController.xib */ = {isa = PBXFileReference; fileEncoding = 4; lastKnownFileType = file.xib; path = MediaViewController.xib; sourceTree = "<group>"; };
		CBA3B97B132B59FC007ED9FD /* SermonsViewController.xib */ = {isa = PBXFileReference; fileEncoding = 4; lastKnownFileType = file.xib; path = SermonsViewController.xib; sourceTree = "<group>"; };
		CBA3B983132B5A40007ED9FD /* ParseOperation.h */ = {isa = PBXFileReference; fileEncoding = 4; lastKnownFileType = sourcecode.c.h; path = ParseOperation.h; sourceTree = "<group>"; };
		CBA3B984132B5A40007ED9FD /* ParseOperation.m */ = {isa = PBXFileReference; fileEncoding = 4; lastKnownFileType = sourcecode.c.objc; path = ParseOperation.m; sourceTree = "<group>"; };
		CBA3B986132B5A67007ED9FD /* IconDownloader.h */ = {isa = PBXFileReference; fileEncoding = 4; lastKnownFileType = sourcecode.c.h; path = IconDownloader.h; sourceTree = "<group>"; };
		CBA3B987132B5A67007ED9FD /* IconDownloader.m */ = {isa = PBXFileReference; fileEncoding = 4; lastKnownFileType = sourcecode.c.objc; path = IconDownloader.m; sourceTree = "<group>"; };
		CBA3B989132B5B27007ED9FD /* SystemConfiguration.framework */ = {isa = PBXFileReference; lastKnownFileType = wrapper.framework; name = SystemConfiguration.framework; path = System/Library/Frameworks/SystemConfiguration.framework; sourceTree = SDKROOT; };
		CBA3B991132B5BD3007ED9FD /* MediaPlayer.framework */ = {isa = PBXFileReference; lastKnownFileType = wrapper.framework; name = MediaPlayer.framework; path = System/Library/Frameworks/MediaPlayer.framework; sourceTree = SDKROOT; };
		CBA3B993132B5BD9007ED9FD /* AVFoundation.framework */ = {isa = PBXFileReference; lastKnownFileType = wrapper.framework; name = AVFoundation.framework; path = System/Library/Frameworks/AVFoundation.framework; sourceTree = SDKROOT; };
		CBA3B99B132C8DF1007ED9FD /* gray_texture_bg.png */ = {isa = PBXFileReference; lastKnownFileType = image.png; name = gray_texture_bg.png; path = "../../ChurchofGod-old/gray_texture_bg.png"; sourceTree = "<group>"; };
		CBA3B99C132C8DF1007ED9FD /* main_left_button_selected.png */ = {isa = PBXFileReference; lastKnownFileType = image.png; name = main_left_button_selected.png; path = "../../ChurchofGod-old/main_left_button_selected.png"; sourceTree = "<group>"; };
		CBA3B99D132C8DF1007ED9FD /* main_right_button_default.png */ = {isa = PBXFileReference; lastKnownFileType = image.png; name = main_right_button_default.png; path = "../../ChurchofGod-old/main_right_button_default.png"; sourceTree = "<group>"; };
		CBA3B99E132C8DF1007ED9FD /* microphone.png */ = {isa = PBXFileReference; lastKnownFileType = image.png; name = microphone.png; path = "../../ChurchofGod-old/microphone.png"; sourceTree = "<group>"; };
		CBA3B99F132C8DF1007ED9FD /* newspaper.png */ = {isa = PBXFileReference; lastKnownFileType = image.png; name = newspaper.png; path = "../../ChurchofGod-old/newspaper.png"; sourceTree = "<group>"; };
		CBA3B9A0132C8DF1007ED9FD /* play_screen_bg.png */ = {isa = PBXFileReference; lastKnownFileType = image.png; name = play_screen_bg.png; path = "../../ChurchofGod-old/play_screen_bg.png"; sourceTree = "<group>"; };
		CBA3B9A1132C8DF1007ED9FD /* play_screen-audio.png */ = {isa = PBXFileReference; lastKnownFileType = image.png; name = "play_screen-audio.png"; path = "../../ChurchofGod-old/play_screen-audio.png"; sourceTree = "<group>"; };
		CBA3B9A2132C8DF1007ED9FD /* play_screen-video.png */ = {isa = PBXFileReference; lastKnownFileType = image.png; name = "play_screen-video.png"; path = "../../ChurchofGod-old/play_screen-video.png"; sourceTree = "<group>"; };
		CBA3B9A3132C8DF1007ED9FD /* sliders.png */ = {isa = PBXFileReference; lastKnownFileType = image.png; name = sliders.png; path = "../../ChurchofGod-old/sliders.png"; sourceTree = "<group>"; };
		CBA3B9A4132C8DF1007ED9FD /* wrench.png */ = {isa = PBXFileReference; lastKnownFileType = image.png; name = wrench.png; path = "../../ChurchofGod-old/wrench.png"; sourceTree = "<group>"; };
		CBA3B9AF132C90EC007ED9FD /* NewsDetailController.h */ = {isa = PBXFileReference; fileEncoding = 4; lastKnownFileType = sourcecode.c.h; path = NewsDetailController.h; sourceTree = "<group>"; };
		CBA3B9B0132C90EC007ED9FD /* NewsDetailController.m */ = {isa = PBXFileReference; fileEncoding = 4; lastKnownFileType = sourcecode.c.objc; path = NewsDetailController.m; sourceTree = "<group>"; };
		CBA3B9B4132C9151007ED9FD /* NewsDetailController.xib */ = {isa = PBXFileReference; fileEncoding = 4; lastKnownFileType = file.xib; path = NewsDetailController.xib; sourceTree = "<group>"; };
		CBA3B9B6132C9163007ED9FD /* NewsViewController.xib */ = {isa = PBXFileReference; fileEncoding = 4; lastKnownFileType = file.xib; path = NewsViewController.xib; sourceTree = "<group>"; };
		CBB2174B1354D3EC00FF8360 /* ToolTableViewController.h */ = {isa = PBXFileReference; fileEncoding = 4; lastKnownFileType = sourcecode.c.h; path = ToolTableViewController.h; sourceTree = "<group>"; };
		CBB2174C1354D3EC00FF8360 /* ToolTableViewController.m */ = {isa = PBXFileReference; fileEncoding = 4; lastKnownFileType = sourcecode.c.objc; path = ToolTableViewController.m; sourceTree = "<group>"; };
		CBB2174D1354D3EC00FF8360 /* ToolTableViewController.xib */ = {isa = PBXFileReference; fileEncoding = 4; lastKnownFileType = file.xib; path = ToolTableViewController.xib; sourceTree = "<group>"; };
		CBB217521354D57800FF8360 /* GospelOneViewController.h */ = {isa = PBXFileReference; fileEncoding = 4; lastKnownFileType = sourcecode.c.h; path = GospelOneViewController.h; sourceTree = "<group>"; };
		CBB217531354D57800FF8360 /* GospelOneViewController.m */ = {isa = PBXFileReference; fileEncoding = 4; lastKnownFileType = sourcecode.c.objc; path = GospelOneViewController.m; sourceTree = "<group>"; };
		CBB217541354D57800FF8360 /* GospelOneViewController.xib */ = {isa = PBXFileReference; fileEncoding = 4; lastKnownFileType = file.xib; path = GospelOneViewController.xib; sourceTree = "<group>"; };
		CBB2175E1354FADD00FF8360 /* MyViewController.h */ = {isa = PBXFileReference; fileEncoding = 4; lastKnownFileType = sourcecode.c.h; path = MyViewController.h; sourceTree = "<group>"; };
		CBB2175F1354FADD00FF8360 /* MyViewController.m */ = {isa = PBXFileReference; fileEncoding = 4; lastKnownFileType = sourcecode.c.objc; path = MyViewController.m; sourceTree = "<group>"; };
		CBB217611354FB3E00FF8360 /* MyView.xib */ = {isa = PBXFileReference; fileEncoding = 4; lastKnownFileType = file.xib; path = MyView.xib; sourceTree = "<group>"; };
		CBB21763135559D600FF8360 /* content_iPhone.plist */ = {isa = PBXFileReference; fileEncoding = 4; lastKnownFileType = text.plist.xml; path = content_iPhone.plist; sourceTree = "<group>"; };
		CBB217651355667F00FF8360 /* wordless-gold.png */ = {isa = PBXFileReference; lastKnownFileType = image.png; path = "wordless-gold.png"; sourceTree = "<group>"; };
		CBB217661355668000FF8360 /* wordless-white.png */ = {isa = PBXFileReference; lastKnownFileType = image.png; path = "wordless-white.png"; sourceTree = "<group>"; };
		CBB217671355668200FF8360 /* wordless-red.png */ = {isa = PBXFileReference; lastKnownFileType = image.png; path = "wordless-red.png"; sourceTree = "<group>"; };
		CBB217681355668300FF8360 /* wordless-black.png */ = {isa = PBXFileReference; lastKnownFileType = image.png; path = "wordless-black.png"; sourceTree = "<group>"; };
		CBB2176D13565DF100FF8360 /* wordless-cover.jpg */ = {isa = PBXFileReference; lastKnownFileType = image.jpeg; path = "wordless-cover.jpg"; sourceTree = "<group>"; };
		CBB2176F13565F2500FF8360 /* Family10.pdb */ = {isa = PBXFileReference; lastKnownFileType = file; path = Family10.pdb; sourceTree = "<group>"; };
		CBE5C596132C96470091B26F /* oakchurch.png */ = {isa = PBXFileReference; lastKnownFileType = image.png; name = oakchurch.png; path = "../../ChurchofGod-old/oakchurch.png"; sourceTree = "<group>"; };
		CBEF974C134E6741004F3D06 /* PDBReader.h */ = {isa = PBXFileReference; fileEncoding = 4; lastKnownFileType = sourcecode.c.h; path = PDBReader.h; sourceTree = "<group>"; };
		CBEF974D134E6741004F3D06 /* PDBReader.m */ = {isa = PBXFileReference; fileEncoding = 4; lastKnownFileType = sourcecode.c.objc; path = PDBReader.m; sourceTree = "<group>"; };
		CBEF9750134E73EA004F3D06 /* Family6.pdb */ = {isa = PBXFileReference; lastKnownFileType = file; path = Family6.pdb; sourceTree = "<group>"; };
		CBF39474134D547E000769D6 /* SongViewController.h */ = {isa = PBXFileReference; fileEncoding = 4; lastKnownFileType = sourcecode.c.h; path = SongViewController.h; sourceTree = "<group>"; };
		CBF39475134D547E000769D6 /* SongViewController.m */ = {isa = PBXFileReference; fileEncoding = 4; lastKnownFileType = sourcecode.c.objc; path = SongViewController.m; sourceTree = "<group>"; };
		CBF39476134D547E000769D6 /* SongViewController.xib */ = {isa = PBXFileReference; fileEncoding = 4; lastKnownFileType = file.xib; path = SongViewController.xib; sourceTree = "<group>"; };
/* End PBXFileReference section */

/* Begin PBXFrameworksBuildPhase section */
		CBA3B920132B5724007ED9FD /* Frameworks */ = {
			isa = PBXFrameworksBuildPhase;
			buildActionMask = 2147483647;
			files = (
				CBA3B994132B5BD9007ED9FD /* AVFoundation.framework in Frameworks */,
				CBA3B992132B5BD3007ED9FD /* MediaPlayer.framework in Frameworks */,
				CBA3B98A132B5B27007ED9FD /* SystemConfiguration.framework in Frameworks */,
				CBA3B928132B5724007ED9FD /* UIKit.framework in Frameworks */,
				CBA3B92A132B5724007ED9FD /* Foundation.framework in Frameworks */,
				CBA3B92C132B5724007ED9FD /* CoreGraphics.framework in Frameworks */,
			);
			runOnlyForDeploymentPostprocessing = 0;
		};
/* End PBXFrameworksBuildPhase section */

/* Begin PBXGroup section */
		CBA3B918132B5724007ED9FD = {
			isa = PBXGroup;
			children = (
				CBA3B92D132B5724007ED9FD /* ChurchOfGod */,
				CBA3B926132B5724007ED9FD /* Frameworks */,
				CBA3B924132B5724007ED9FD /* Products */,
			);
			sourceTree = "<group>";
		};
		CBA3B924132B5724007ED9FD /* Products */ = {
			isa = PBXGroup;
			children = (
				CBA3B923132B5724007ED9FD /* ChurchOfGod.app */,
			);
			name = Products;
			sourceTree = "<group>";
		};
		CBA3B926132B5724007ED9FD /* Frameworks */ = {
			isa = PBXGroup;
			children = (
				CBA3B993132B5BD9007ED9FD /* AVFoundation.framework */,
				CBA3B991132B5BD3007ED9FD /* MediaPlayer.framework */,
				CBA3B989132B5B27007ED9FD /* SystemConfiguration.framework */,
				CBA3B927132B5724007ED9FD /* UIKit.framework */,
				CBA3B929132B5724007ED9FD /* Foundation.framework */,
				CBA3B92B132B5724007ED9FD /* CoreGraphics.framework */,
			);
			name = Frameworks;
			sourceTree = "<group>";
		};
		CBA3B92D132B5724007ED9FD /* ChurchOfGod */ = {
			isa = PBXGroup;
			children = (
				CBA3B99A132C8DA4007ED9FD /* Images */,
				CBA3B974132B591E007ED9FD /* MainWindow */,
				CBA3B997132BF0A3007ED9FD /* Sermon & News */,
				CBA3B995132BF037007ED9FD /* Settings */,
				CBF39473134D5426000769D6 /* Songs */,
				CBB217511354D54000FF8360 /* Tools */,
				CBA3B996132BF06B007ED9FD /* Misc */,
				CBA3B975132B59FC007ED9FD /* BrowserViewController.xib */,
				CBA3B943132B5918007ED9FD /* BrowserViewController.h */,
				CBA3B944132B5918007ED9FD /* BrowserViewController.m */,
				CBA3B94C132B5918007ED9FD /* ConnectViewController.h */,
				CBA3B94D132B5918007ED9FD /* ConnectViewController.m */,
				CBA3B952132B5918007ED9FD /* kotablecell.h */,
				CBA3B953132B5918007ED9FD /* kotablecell.m */,
				CBA3B954132B5918007ED9FD /* kotablecell.xib */,
				CBA3B92E132B5724007ED9FD /* Supporting Files */,
			);
			path = ChurchOfGod;
			sourceTree = "<group>";
		};
		CBA3B92E132B5724007ED9FD /* Supporting Files */ = {
			isa = PBXGroup;
			children = (
				CBB2176F13565F2500FF8360 /* Family10.pdb */,
				CBB21763135559D600FF8360 /* content_iPhone.plist */,
				CB3E06B5134F7D470019BA22 /* Family1.pdb */,
				CB10E10713512D610040F31B /* Family2.pdb */,
				CB10E10813512D610040F31B /* Family3.pdb */,
				CB10E10913512D610040F31B /* Family4.pdb */,
				CB10E10A13512D610040F31B /* Family5.pdb */,
				CBEF9750134E73EA004F3D06 /* Family6.pdb */,
				CB10E10B13512D610040F31B /* Family7.pdb */,
				CB10E10C13512D610040F31B /* Family8.pdb */,
				CB10E10D13512D610040F31B /* Family9.pdb */,
				CBA3B92F132B5724007ED9FD /* ChurchOfGod-Info.plist */,
				CBA3B930132B5724007ED9FD /* InfoPlist.strings */,
				CBA3B933132B5724007ED9FD /* ChurchOfGod-Prefix.pch */,
				CBA3B934132B5724007ED9FD /* main.m */,
				CB777744132FDB6F001EA20B /* churchlist.plist */,
				CB777746132FDBE9001EA20B /* church.xml */,
				CB3E06B8134FAB740019BA22 /* songbooklist.plist */,
			);
			name = "Supporting Files";
			sourceTree = "<group>";
		};
		CBA3B974132B591E007ED9FD /* MainWindow */ = {
			isa = PBXGroup;
			children = (
				CBA3B94A132B5918007ED9FD /* ChurchofGodAppDelegate.h */,
				CBA3B94B132B5918007ED9FD /* ChurchofGodAppDelegate.m */,
				CBA3B95B132B5918007ED9FD /* RotatingTabBarController.h */,
				CBA3B95C132B5918007ED9FD /* RotatingTabBarController.m */,
				CBA3B976132B59FC007ED9FD /* MainWindow.xib */,
			);
			name = MainWindow;
			sourceTree = "<group>";
		};
		CBA3B995132BF037007ED9FD /* Settings */ = {
			isa = PBXGroup;
			children = (
				CBA3B945132B5918007ED9FD /* ChurchDetailController.h */,
				CBA3B946132B5918007ED9FD /* ChurchDetailController.m */,
				CBA3B947132B5918007ED9FD /* ChurchDetailController.xib */,
				CBA3B95F132B5918007ED9FD /* SettingViewController.h */,
				CBA3B960132B5918007ED9FD /* SettingViewController.m */,
				CBA3B961132B5918007ED9FD /* SettingViewController.xib */,
			);
			name = Settings;
			sourceTree = "<group>";
		};
		CBA3B996132BF06B007ED9FD /* Misc */ = {
			isa = PBXGroup;
			children = (
				CBA3B986132B5A67007ED9FD /* IconDownloader.h */,
				CBA3B987132B5A67007ED9FD /* IconDownloader.m */,
				CBA3B983132B5A40007ED9FD /* ParseOperation.h */,
				CBA3B984132B5A40007ED9FD /* ParseOperation.m */,
				CBA3B94E132B5918007ED9FD /* FeedLoader.h */,
				CBA3B94F132B5918007ED9FD /* FeedLoader.m */,
				CB777736132EC040001EA20B /* ChurchConfigLoader.h */,
				CB777737132EC040001EA20B /* ChurchConfigLoader.m */,
				CB777741132FC7A4001EA20B /* ChurchConfig.h */,
				CB777742132FC7A5001EA20B /* ChurchConfig.m */,
				CB77777E1331DFF2001EA20B /* ConfigManager.h */,
				CB77777F1331DFF6001EA20B /* ConfigManager.m */,
				CB012B891339C7FE0071168E /* MediaRecord.h */,
				CB012B8A1339C7FE0071168E /* MediaRecord.m */,
			);
			name = Misc;
			sourceTree = "<group>";
		};
		CBA3B997132BF0A3007ED9FD /* Sermon & News */ = {
			isa = PBXGroup;
			children = (
				CBA3B9B4132C9151007ED9FD /* NewsDetailController.xib */,
				CBA3B9AF132C90EC007ED9FD /* NewsDetailController.h */,
				CBA3B9B0132C90EC007ED9FD /* NewsDetailController.m */,
				CBA3B955132B5918007ED9FD /* MediaDetailViewController.h */,
				CBA3B956132B5918007ED9FD /* MediaDetailViewController.m */,
				CBA3B977132B59FC007ED9FD /* MediaDetail.xib */,
				CBA3B957132B5918007ED9FD /* MediaViewController.h */,
				CBA3B958132B5918007ED9FD /* MediaViewController.m */,
				CBA3B978132B59FC007ED9FD /* MediaViewController.xib */,
				CBA3B959132B5918007ED9FD /* NewsViewController.h */,
				CBA3B95A132B5918007ED9FD /* NewsViewController.m */,
				CBA3B9B6132C9163007ED9FD /* NewsViewController.xib */,
				CBA3B95D132B5918007ED9FD /* SermonsViewController.h */,
				CBA3B95E132B5918007ED9FD /* SermonsViewController.m */,
				CBA3B97B132B59FC007ED9FD /* SermonsViewController.xib */,
				CB012B90133BEAAF0071168E /* ItemViewController.h */,
				CB012B91133BEAB60071168E /* ItemViewController.m */,
				CB012B92133BEABC0071168E /* ItemViewController.xib */,
			);
			name = "Sermon & News";
			sourceTree = "<group>";
		};
		CBA3B99A132C8DA4007ED9FD /* Images */ = {
			isa = PBXGroup;
			children = (
				CBB2176D13565DF100FF8360 /* wordless-cover.jpg */,
				CBB217651355667F00FF8360 /* wordless-gold.png */,
				CBB217661355668000FF8360 /* wordless-white.png */,
				CBB217671355668200FF8360 /* wordless-red.png */,
				CBB217681355668300FF8360 /* wordless-black.png */,
				CB5CDBFD134D25FE0076E771 /* musicnote2.png */,
				CB012B95133C67B80071168E /* media_header.png */,
				CB012B8C133AAEC70071168E /* oaksign.jpg */,
				CB012B8D133AAEC70071168E /* Placeholder.png */,
				CB012B861339BC880071168E /* blue-download.png */,
				CB7777AF1339B101001EA20B /* download1.gif */,
				CB7777A71339AC76001EA20B /* download.png */,
				CB7777A81339AC76001EA20B /* headphones.png */,
				CB7777A91339AC76001EA20B /* LearnLead.jpg */,
				CB7777AA1339AC76001EA20B /* refresh.png */,
				CBE5C596132C96470091B26F /* oakchurch.png */,
				CBA3B99B132C8DF1007ED9FD /* gray_texture_bg.png */,
				CBA3B99C132C8DF1007ED9FD /* main_left_button_selected.png */,
				CBA3B99D132C8DF1007ED9FD /* main_right_button_default.png */,
				CBA3B99E132C8DF1007ED9FD /* microphone.png */,
				CBA3B99F132C8DF1007ED9FD /* newspaper.png */,
				CBA3B9A0132C8DF1007ED9FD /* play_screen_bg.png */,
				CBA3B9A1132C8DF1007ED9FD /* play_screen-audio.png */,
				CBA3B9A2132C8DF1007ED9FD /* play_screen-video.png */,
				CBA3B9A3132C8DF1007ED9FD /* sliders.png */,
				CBA3B9A4132C8DF1007ED9FD /* wrench.png */,
			);
			name = Images;
			sourceTree = "<group>";
		};
		CBB217511354D54000FF8360 /* Tools */ = {
			isa = PBXGroup;
			children = (
				CBB217611354FB3E00FF8360 /* MyView.xib */,
				CBB2175E1354FADD00FF8360 /* MyViewController.h */,
				CBB2175F1354FADD00FF8360 /* MyViewController.m */,
				CBB2174B1354D3EC00FF8360 /* ToolTableViewController.h */,
				CBB2174C1354D3EC00FF8360 /* ToolTableViewController.m */,
				CBB2174D1354D3EC00FF8360 /* ToolTableViewController.xib */,
				CBB217521354D57800FF8360 /* GospelOneViewController.h */,
				CBB217531354D57800FF8360 /* GospelOneViewController.m */,
				CBB217541354D57800FF8360 /* GospelOneViewController.xib */,
			);
			name = Tools;
			sourceTree = "<group>";
		};
		CBF39473134D5426000769D6 /* Songs */ = {
			isa = PBXGroup;
			children = (
				CB5CDBF7134D01620076E771 /* SongTextViewController.h */,
				CB5CDBF8134D01620076E771 /* SongTextViewController.m */,
				CB5CDBF9134D01620076E771 /* SongTextViewController.xib */,
				CBF39474134D547E000769D6 /* SongViewController.h */,
				CBF39475134D547E000769D6 /* SongViewController.m */,
				CBF39476134D547E000769D6 /* SongViewController.xib */,
				CB10E10113510C930040F31B /* SongIndexViewController.h */,
				CB10E10213510C930040F31B /* SongIndexViewController.m */,
				CB10E10313510C930040F31B /* SongIndexViewController.xib */,
				CBEF974C134E6741004F3D06 /* PDBReader.h */,
				CBEF974D134E6741004F3D06 /* PDBReader.m */,
			);
			name = Songs;
			sourceTree = "<group>";
		};
/* End PBXGroup section */

/* Begin PBXNativeTarget section */
		CBA3B922132B5724007ED9FD /* ChurchOfGod */ = {
			isa = PBXNativeTarget;
			buildConfigurationList = CBA3B93E132B5724007ED9FD /* Build configuration list for PBXNativeTarget "ChurchOfGod" */;
			buildPhases = (
				CBA3B91F132B5724007ED9FD /* Sources */,
				CBA3B920132B5724007ED9FD /* Frameworks */,
				CBA3B921132B5724007ED9FD /* Resources */,
			);
			buildRules = (
			);
			dependencies = (
			);
			name = ChurchOfGod;
			productName = ChurchOfGod;
			productReference = CBA3B923132B5724007ED9FD /* ChurchOfGod.app */;
			productType = "com.apple.product-type.application";
		};
/* End PBXNativeTarget section */

/* Begin PBXProject section */
		CBA3B91A132B5724007ED9FD /* Project object */ = {
			isa = PBXProject;
			buildConfigurationList = CBA3B91D132B5724007ED9FD /* Build configuration list for PBXProject "ChurchOfGod" */;
			compatibilityVersion = "Xcode 3.2";
			developmentRegion = English;
			hasScannedForEncodings = 0;
			knownRegions = (
				en,
			);
			mainGroup = CBA3B918132B5724007ED9FD;
			productRefGroup = CBA3B924132B5724007ED9FD /* Products */;
			projectDirPath = "";
			projectRoot = "";
			targets = (
				CBA3B922132B5724007ED9FD /* ChurchOfGod */,
			);
		};
/* End PBXProject section */

/* Begin PBXResourcesBuildPhase section */
		CBA3B921132B5724007ED9FD /* Resources */ = {
			isa = PBXResourcesBuildPhase;
			buildActionMask = 2147483647;
			files = (
				CBA3B932132B5724007ED9FD /* InfoPlist.strings in Resources */,
				CBA3B965132B5918007ED9FD /* ChurchDetailController.xib in Resources */,
				CBA3B96C132B5918007ED9FD /* kotablecell.xib in Resources */,
				CBA3B973132B5918007ED9FD /* SettingViewController.xib in Resources */,
				CBA3B97C132B59FC007ED9FD /* BrowserViewController.xib in Resources */,
				CBA3B97D132B59FC007ED9FD /* MainWindow.xib in Resources */,
				CBA3B97E132B59FC007ED9FD /* MediaDetail.xib in Resources */,
				CBA3B97F132B59FC007ED9FD /* MediaViewController.xib in Resources */,
				CBA3B982132B59FC007ED9FD /* SermonsViewController.xib in Resources */,
				CBA3B9A5132C8DF1007ED9FD /* gray_texture_bg.png in Resources */,
				CBA3B9A6132C8DF1007ED9FD /* main_left_button_selected.png in Resources */,
				CBA3B9A7132C8DF1007ED9FD /* main_right_button_default.png in Resources */,
				CBA3B9A8132C8DF1007ED9FD /* microphone.png in Resources */,
				CBA3B9A9132C8DF1007ED9FD /* newspaper.png in Resources */,
				CBA3B9AA132C8DF1007ED9FD /* play_screen_bg.png in Resources */,
				CBA3B9AB132C8DF1007ED9FD /* play_screen-audio.png in Resources */,
				CBA3B9AC132C8DF1007ED9FD /* play_screen-video.png in Resources */,
				CBA3B9AD132C8DF1007ED9FD /* sliders.png in Resources */,
				CBA3B9AE132C8DF1007ED9FD /* wrench.png in Resources */,
				CBA3B9B5132C9151007ED9FD /* NewsDetailController.xib in Resources */,
				CBA3B9B7132C9163007ED9FD /* NewsViewController.xib in Resources */,
				CBE5C597132C96470091B26F /* oakchurch.png in Resources */,
				CB777745132FDB6F001EA20B /* churchlist.plist in Resources */,
				CB777747132FDBE9001EA20B /* church.xml in Resources */,
				CB7777AB1339AC76001EA20B /* download.png in Resources */,
				CB7777AC1339AC76001EA20B /* headphones.png in Resources */,
				CB7777AD1339AC76001EA20B /* LearnLead.jpg in Resources */,
				CB7777AE1339AC76001EA20B /* refresh.png in Resources */,
				CB7777B01339B102001EA20B /* download1.gif in Resources */,
				CB012B871339BC880071168E /* blue-download.png in Resources */,
				CB012B8E133AAEC70071168E /* oaksign.jpg in Resources */,
				CB012B8F133AAEC70071168E /* Placeholder.png in Resources */,
				CB012B94133BEAC60071168E /* ItemViewController.xib in Resources */,
				CB012B96133C67BA0071168E /* media_header.png in Resources */,
				CB5CDBFB134D01620076E771 /* SongTextViewController.xib in Resources */,
				CB5CDBFE134D25FE0076E771 /* musicnote2.png in Resources */,
				CBF39478134D547E000769D6 /* SongViewController.xib in Resources */,
				CBEF9751134E73EA004F3D06 /* Family6.pdb in Resources */,
				CB3E06B6134F7D470019BA22 /* Family1.pdb in Resources */,
				CB3E06B9134FAB740019BA22 /* songbooklist.plist in Resources */,
				CB10E10513510C930040F31B /* SongIndexViewController.xib in Resources */,
				CB10E10E13512D610040F31B /* Family2.pdb in Resources */,
				CB10E10F13512D610040F31B /* Family3.pdb in Resources */,
				CB10E11013512D610040F31B /* Family4.pdb in Resources */,
				CB10E11113512D610040F31B /* Family5.pdb in Resources */,
				CB10E11213512D610040F31B /* Family7.pdb in Resources */,
				CB10E11313512D610040F31B /* Family8.pdb in Resources */,
				CB10E11413512D610040F31B /* Family9.pdb in Resources */,
				CBB2174F1354D3EC00FF8360 /* ToolTableViewController.xib in Resources */,
				CBB217561354D57800FF8360 /* GospelOneViewController.xib in Resources */,
				CBB217621354FB3E00FF8360 /* MyView.xib in Resources */,
				CBB21764135559D600FF8360 /* content_iPhone.plist in Resources */,
				CBB217691355668500FF8360 /* wordless-gold.png in Resources */,
				CBB2176A1355668500FF8360 /* wordless-white.png in Resources */,
				CBB2176B1355668500FF8360 /* wordless-red.png in Resources */,
				CBB2176C1355668500FF8360 /* wordless-black.png in Resources */,
				CBB2176E13565DF400FF8360 /* wordless-cover.jpg in Resources */,
				CBB2177013565F2500FF8360 /* Family10.pdb in Resources */,
			);
			runOnlyForDeploymentPostprocessing = 0;
		};
/* End PBXResourcesBuildPhase section */

/* Begin PBXSourcesBuildPhase section */
		CBA3B91F132B5724007ED9FD /* Sources */ = {
			isa = PBXSourcesBuildPhase;
			buildActionMask = 2147483647;
			files = (
				CBA3B935132B5724007ED9FD /* main.m in Sources */,
				CBA3B963132B5918007ED9FD /* BrowserViewController.m in Sources */,
				CBA3B964132B5918007ED9FD /* ChurchDetailController.m in Sources */,
				CBA3B967132B5918007ED9FD /* ChurchofGodAppDelegate.m in Sources */,
				CBA3B968132B5918007ED9FD /* ConnectViewController.m in Sources */,
				CBA3B969132B5918007ED9FD /* FeedLoader.m in Sources */,
				CBA3B96B132B5918007ED9FD /* kotablecell.m in Sources */,
				CBA3B96D132B5918007ED9FD /* MediaDetailViewController.m in Sources */,
				CBA3B96E132B5918007ED9FD /* MediaViewController.m in Sources */,
				CBA3B96F132B5918007ED9FD /* NewsViewController.m in Sources */,
				CBA3B970132B5918007ED9FD /* RotatingTabBarController.m in Sources */,
				CBA3B971132B5918007ED9FD /* SermonsViewController.m in Sources */,
				CBA3B972132B5918007ED9FD /* SettingViewController.m in Sources */,
				CBA3B985132B5A40007ED9FD /* ParseOperation.m in Sources */,
				CBA3B988132B5A67007ED9FD /* IconDownloader.m in Sources */,
				CBA3B9B1132C90EC007ED9FD /* NewsDetailController.m in Sources */,
				CB777738132EC040001EA20B /* ChurchConfigLoader.m in Sources */,
				CB777743132FC7A7001EA20B /* ChurchConfig.m in Sources */,
				CB7777801331DFFE001EA20B /* ConfigManager.m in Sources */,
				CB012B8B1339C7FE0071168E /* MediaRecord.m in Sources */,
				CB012B93133BEAC60071168E /* ItemViewController.m in Sources */,
				CB5CDBFA134D01620076E771 /* SongTextViewController.m in Sources */,
				CBF39477134D547E000769D6 /* SongViewController.m in Sources */,
				CBEF974E134E6741004F3D06 /* PDBReader.m in Sources */,
				CB10E10413510C930040F31B /* SongIndexViewController.m in Sources */,
				CBB2174E1354D3EC00FF8360 /* ToolTableViewController.m in Sources */,
				CBB217551354D57800FF8360 /* GospelOneViewController.m in Sources */,
				CBB217601354FADD00FF8360 /* MyViewController.m in Sources */,
			);
			runOnlyForDeploymentPostprocessing = 0;
		};
/* End PBXSourcesBuildPhase section */

/* Begin PBXVariantGroup section */
		CBA3B930132B5724007ED9FD /* InfoPlist.strings */ = {
			isa = PBXVariantGroup;
			children = (
				CBA3B931132B5724007ED9FD /* en */,
			);
			name = InfoPlist.strings;
			sourceTree = "<group>";
		};
/* End PBXVariantGroup section */

/* Begin XCBuildConfiguration section */
		CBA3B93C132B5724007ED9FD /* Debug */ = {
			isa = XCBuildConfiguration;
			buildSettings = {
				ARCHS = "$(ARCHS_STANDARD_32_BIT)";
				CODE_SIGN_IDENTITY = "iPhone Developer: Cheuk Ko (BGG475DN26)";
				"CODE_SIGN_IDENTITY[sdk=iphoneos*]" = "iPhone Developer";
				GCC_C_LANGUAGE_STANDARD = gnu99;
				GCC_OPTIMIZATION_LEVEL = 0;
				GCC_PREPROCESSOR_DEFINITIONS = DEBUG;
				GCC_SYMBOLS_PRIVATE_EXTERN = NO;
				GCC_VERSION = com.apple.compilers.llvmgcc42;
				GCC_WARN_ABOUT_RETURN_TYPE = YES;
				GCC_WARN_UNUSED_VARIABLE = YES;
				IPHONEOS_DEPLOYMENT_TARGET = 4.1;
				PROVISIONING_PROFILE = "4939E04B-92FC-4F5A-A1A0-781BDC0CBA0D";
				SDKROOT = iphoneos;
			};
			name = Debug;
		};
		CBA3B93D132B5724007ED9FD /* Release */ = {
			isa = XCBuildConfiguration;
			buildSettings = {
				ARCHS = "$(ARCHS_STANDARD_32_BIT)";
				CODE_SIGN_IDENTITY = "iPhone Developer: Cheuk Ko (BGG475DN26)";
				"CODE_SIGN_IDENTITY[sdk=iphoneos*]" = "iPhone Developer";
				GCC_C_LANGUAGE_STANDARD = gnu99;
				GCC_VERSION = com.apple.compilers.llvmgcc42;
				GCC_WARN_ABOUT_RETURN_TYPE = YES;
				GCC_WARN_UNUSED_VARIABLE = YES;
				IPHONEOS_DEPLOYMENT_TARGET = 4.1;
				OTHER_CFLAGS = "-DNS_BLOCK_ASSERTIONS=1";
				PROVISIONING_PROFILE = "4939E04B-92FC-4F5A-A1A0-781BDC0CBA0D";
				SDKROOT = iphoneos;
			};
			name = Release;
		};
		CBA3B93F132B5724007ED9FD /* Debug */ = {
			isa = XCBuildConfiguration;
			buildSettings = {
				ALWAYS_SEARCH_USER_PATHS = NO;
				COPY_PHASE_STRIP = NO;
				GCC_DYNAMIC_NO_PIC = NO;
				GCC_PRECOMPILE_PREFIX_HEADER = YES;
				GCC_PREFIX_HEADER = "ChurchOfGod/ChurchOfGod-Prefix.pch";
				INFOPLIST_FILE = "ChurchOfGod/ChurchOfGod-Info.plist";
				IPHONEOS_DEPLOYMENT_TARGET = 4.1;
				PRODUCT_NAME = "$(TARGET_NAME)";
				WRAPPER_EXTENSION = app;
			};
			name = Debug;
		};
		CBA3B940132B5724007ED9FD /* Release */ = {
			isa = XCBuildConfiguration;
			buildSettings = {
				ALWAYS_SEARCH_USER_PATHS = NO;
				COPY_PHASE_STRIP = YES;
				GCC_PRECOMPILE_PREFIX_HEADER = YES;
				GCC_PREFIX_HEADER = "ChurchOfGod/ChurchOfGod-Prefix.pch";
				INFOPLIST_FILE = "ChurchOfGod/ChurchOfGod-Info.plist";
				IPHONEOS_DEPLOYMENT_TARGET = 4.1;
				PRODUCT_NAME = "$(TARGET_NAME)";
				VALIDATE_PRODUCT = YES;
				WRAPPER_EXTENSION = app;
			};
			name = Release;
		};
/* End XCBuildConfiguration section */

/* Begin XCConfigurationList section */
		CBA3B91D132B5724007ED9FD /* Build configuration list for PBXProject "ChurchOfGod" */ = {
			isa = XCConfigurationList;
			buildConfigurations = (
				CBA3B93C132B5724007ED9FD /* Debug */,
				CBA3B93D132B5724007ED9FD /* Release */,
			);
			defaultConfigurationIsVisible = 0;
			defaultConfigurationName = Release;
		};
		CBA3B93E132B5724007ED9FD /* Build configuration list for PBXNativeTarget "ChurchOfGod" */ = {
			isa = XCConfigurationList;
			buildConfigurations = (
				CBA3B93F132B5724007ED9FD /* Debug */,
				CBA3B940132B5724007ED9FD /* Release */,
			);
			defaultConfigurationIsVisible = 0;
			defaultConfigurationName = Release;
		};
/* End XCConfigurationList section */
	};
	rootObject = CBA3B91A132B5724007ED9FD /* Project object */;
}
